{
  "version": 4,
  "terraform_version": "1.0.10",
  "serial": 60,
  "lineage": "f9f9fda6-d5a4-68e0-0c25-20cf9def961a",
  "outputs": {},
  "resources": [
    {
      "mode": "data",
      "type": "oci_identity_availability_domain",
      "name": "ad",
      "provider": "provider[\"registry.terraform.io/hashicorp/oci\"]",
      "instances": [
        {
          "schema_version": 0,
          "attributes": {
            "ad_number": 1,
            "compartment_id": "ocid1.compartment.oc1..aaaaaaaazrsru2d6smxolkfwvtym5rslplrhvr3jrbartiaqcleyutr73msa",
            "id": "ocid1.availabilitydomain.oc1..aaaaaaaavi2wyd6rjjffu5nzgb3gjq4thy46k7sgw5ibh7mu5sq5fyie6t5a",
            "name": "aXRZ:US-SANJOSE-1-AD-1"
          },
          "sensitive_attributes": []
        }
      ]
    },
    {
      "mode": "data",
      "type": "oci_identity_availability_domain",
      "name": "adraul",
      "provider": "provider[\"registry.terraform.io/hashicorp/oci\"]",
      "instances": [
        {
          "schema_version": 0,
          "attributes": {
            "ad_number": 1,
            "compartment_id": "ocid1.compartment.oc1..aaaaaaaazrsru2d6smxolkfwvtym5rslplrhvr3jrbartiaqcleyutr73msa",
            "id": "ocid1.availabilitydomain.oc1..aaaaaaaavi2wyd6rjjffu5nzgb3gjq4thy46k7sgw5ibh7mu5sq5fyie6t5a",
            "name": "aXRZ:US-SANJOSE-1-AD-1"
          },
          "sensitive_attributes": []
        }
      ]
    },
    {
      "mode": "managed",
      "type": "oci_core_instance",
      "name": "CentosMachine",
      "provider": "provider[\"registry.terraform.io/hashicorp/oci\"]",
      "instances": [
        {
          "schema_version": 0,
          "attributes": {
            "agent_config": [
              {
                "are_all_plugins_disabled": false,
                "is_management_disabled": false,
                "is_monitoring_disabled": false,
                "plugins_config": []
              }
            ],
            "async": null,
            "availability_config": [
              {
                "is_live_migration_preferred": false,
                "recovery_action": "RESTORE_INSTANCE"
              }
            ],
            "availability_domain": "aXRZ:US-SANJOSE-1-AD-1",
            "boot_volume_id": "ocid1.bootvolume.oc1.us-sanjose-1.abzwuljrj7rzfcash4lxt2wttjgqsjggpfm5v7mdsltpdyuy2otoy22a7uta",
            "capacity_reservation_id": null,
            "compartment_id": "ocid1.compartment.oc1..aaaaaaaazrsru2d6smxolkfwvtym5rslplrhvr3jrbartiaqcleyutr73msa",
            "create_vnic_details": [
              {
                "assign_private_dns_record": false,
                "assign_public_ip": "true",
                "defined_tags": {
                  "Oracle-Tags.CreatedBy": "raul_chavez",
                  "Oracle-Tags.CreatedOn": "2021-11-10T21:00:03.972Z"
                },
                "display_name": "CentOS",
                "freeform_tags": {},
                "hostname_label": "centos",
                "nsg_ids": [],
                "private_ip": "12.0.0.7",
                "skip_source_dest_check": false,
                "subnet_id": "ocid1.subnet.oc1.us-sanjose-1.aaaaaaaad7idjbxwzlg4yxlvk5dv5nrvy6bot3zm5wxdakucjlwudbpdc7jq",
                "vlan_id": ""
              }
            ],
            "dedicated_vm_host_id": null,
            "defined_tags": {
              "Oracle-Tags.CreatedBy": "raul_chavez",
              "Oracle-Tags.CreatedOn": "2021-11-10T21:00:03.717Z"
            },
            "display_name": "CentOS",
            "extended_metadata": {},
            "fault_domain": "FAULT-DOMAIN-2",
            "freeform_tags": {},
            "hostname_label": "centos",
            "id": "ocid1.instance.oc1.us-sanjose-1.anzwuljroyolubqckulw2d6imltppcwvfbnankvepjsbfwslc2akzcnsasza",
            "image": "ocid1.image.oc1.us-sanjose-1.aaaaaaaahpitk7yc2u7tnujas2lgh2c6wnazujerfmfn4zol22grj3oaayna",
            "instance_options": [
              {
                "are_legacy_imds_endpoints_disabled": false
              }
            ],
            "ipxe_script": null,
            "is_pv_encryption_in_transit_enabled": null,
            "launch_mode": "PARAVIRTUALIZED",
            "launch_options": [
              {
                "boot_volume_type": "PARAVIRTUALIZED",
                "firmware": "UEFI_64",
                "is_consistent_volume_naming_enabled": true,
                "is_pv_encryption_in_transit_enabled": false,
                "network_type": "PARAVIRTUALIZED",
                "remote_data_volume_type": "PARAVIRTUALIZED"
              }
            ],
            "metadata": {
              "ssh_authorized_keys": "ssh-rsa AAAAB3NzaC1yc2EAAAADAQABAAABAQC0lwWKg0DXT9eXIgAjkJKC0YTb1lTxiu6QYhwzX1bP1zJPDEH7B4kQk5KlJ3pL2V+56iaGtWwyu/CDEe4IWhRw8OtIltBOweyRYpX5a0Q9eadN2iwyMR2bv2ObQGGiAtOiMpN5GiB40wlGFAc1ySAnr++5uNHRi1goJr7TJboxf2oHHBOr3Ws6SB+fozb77Lki8vFMd+64w9b83NGadlBR04uVns6hR6ujP23Ovy1CGx0QzpXHhfHRRRcYOjyiU5zb7ogPGZAWeZGzAVkMEZdEljm9tUVLJTtgheuTAHfBud+sYcKWW80qdrEbA/A2VuHTr/Urp5IvPp9JuppY1yXr rsa-key-20210929\n"
            },
            "platform_config": [],
            "preemptible_instance_config": [],
            "preserve_boot_volume": null,
            "private_ip": "12.0.0.7",
            "public_ip": "155.248.197.75",
            "region": "us-sanjose-1",
            "shape": "VM.Standard.E2.2",
            "shape_config": [
              {
                "baseline_ocpu_utilization": "",
                "gpu_description": "",
                "gpus": 0,
                "local_disk_description": "",
                "local_disks": 0,
                "local_disks_total_size_in_gbs": 0,
                "max_vnic_attachments": 2,
                "memory_in_gbs": 16,
                "networking_bandwidth_in_gbps": 1.399999976158142,
                "ocpus": 2,
                "processor_description": "2.0 GHz AMD EPYC™ 7551 (Naples)"
              }
            ],
            "source_details": [
              {
                "boot_volume_size_in_gbs": "47",
                "kms_key_id": "",
                "source_id": "ocid1.image.oc1.us-sanjose-1.aaaaaaaahpitk7yc2u7tnujas2lgh2c6wnazujerfmfn4zol22grj3oaayna",
                "source_type": "image"
              }
            ],
            "state": "RUNNING",
            "subnet_id": "ocid1.subnet.oc1.us-sanjose-1.aaaaaaaad7idjbxwzlg4yxlvk5dv5nrvy6bot3zm5wxdakucjlwudbpdc7jq",
            "system_tags": {},
            "time_created": "2021-11-10 21:00:04.278 +0000 UTC",
            "time_maintenance_reboot_due": "",
            "timeouts": null
          },
          "sensitive_attributes": [],
          "private": "eyJlMmJmYjczMC1lY2FhLTExZTYtOGY4OC0zNDM2M2JjN2M0YzAiOnsiY3JlYXRlIjoyNzAwMDAwMDAwMDAwLCJkZWxldGUiOjQ1MDAwMDAwMDAwMDAsInVwZGF0ZSI6MjcwMDAwMDAwMDAwMH19",
          "dependencies": [
            "data.oci_identity_availability_domain.ad",
            "oci_core_internet_gateway.internet_gateway",
            "oci_core_route_table.Centos_route_table",
            "oci_core_subnet.regional_subnet",
            "oci_core_vcn.vcn1"
          ]
        }
      ]
    },
    {
      "mode": "managed",
      "type": "oci_core_internet_gateway",
      "name": "internet_gateway",
      "provider": "provider[\"registry.terraform.io/hashicorp/oci\"]",
      "instances": [
        {
          "schema_version": 0,
          "attributes": {
            "compartment_id": "ocid1.compartment.oc1..aaaaaaaazrsru2d6smxolkfwvtym5rslplrhvr3jrbartiaqcleyutr73msa",
            "defined_tags": {
              "Oracle-Tags.CreatedBy": "raul_chavez",
              "Oracle-Tags.CreatedOn": "2021-11-10T19:29:34.124Z"
            },
            "display_name": "igw",
            "enabled": true,
            "freeform_tags": {},
            "id": "ocid1.internetgateway.oc1.us-sanjose-1.aaaaaaaas3es2lhgx6sjr5sb7kyoctvss4bmoncv6riyn4uolsw63h4ei5yq",
            "state": "AVAILABLE",
            "time_created": "2021-11-10 19:29:34.159 +0000 UTC",
            "timeouts": null,
            "vcn_id": "ocid1.vcn.oc1.us-sanjose-1.amaaaaaaoyolubqake7lbtprl7fjq7d7qjzarsfid6ksplliksoit2hbklya"
          },
          "sensitive_attributes": [],
          "private": "eyJlMmJmYjczMC1lY2FhLTExZTYtOGY4OC0zNDM2M2JjN2M0YzAiOnsiY3JlYXRlIjoxMjAwMDAwMDAwMDAwLCJkZWxldGUiOjEyMDAwMDAwMDAwMDAsInVwZGF0ZSI6MTIwMDAwMDAwMDAwMH19",
          "dependencies": [
            "oci_core_vcn.vcn1"
          ]
        }
      ]
    },
    {
      "mode": "managed",
      "type": "oci_core_route_table",
      "name": "Centos_route_table",
      "provider": "provider[\"registry.terraform.io/hashicorp/oci\"]",
      "instances": [
        {
          "schema_version": 0,
          "attributes": {
            "compartment_id": "ocid1.compartment.oc1..aaaaaaaazrsru2d6smxolkfwvtym5rslplrhvr3jrbartiaqcleyutr73msa",
            "defined_tags": {
              "Oracle-Tags.CreatedBy": "raul_chavez",
              "Oracle-Tags.CreatedOn": "2021-11-10T19:31:03.773Z"
            },
            "display_name": "rt",
            "freeform_tags": {},
            "id": "ocid1.routetable.oc1.us-sanjose-1.aaaaaaaabip4ixea4yog4vnvxg354igol4yrhgj6ulffuxrscu2s7pfhb7sa",
            "route_rules": [
              {
                "cidr_block": "0.0.0.0/0",
                "description": "",
                "destination": "0.0.0.0/0",
                "destination_type": "CIDR_BLOCK",
                "network_entity_id": "ocid1.internetgateway.oc1.us-sanjose-1.aaaaaaaas3es2lhgx6sjr5sb7kyoctvss4bmoncv6riyn4uolsw63h4ei5yq"
              }
            ],
            "state": "AVAILABLE",
            "time_created": "2021-11-10 19:31:03.83 +0000 UTC",
            "timeouts": null,
            "vcn_id": "ocid1.vcn.oc1.us-sanjose-1.amaaaaaaoyolubqake7lbtprl7fjq7d7qjzarsfid6ksplliksoit2hbklya"
          },
          "sensitive_attributes": [],
          "private": "eyJlMmJmYjczMC1lY2FhLTExZTYtOGY4OC0zNDM2M2JjN2M0YzAiOnsiY3JlYXRlIjoxMjAwMDAwMDAwMDAwLCJkZWxldGUiOjEyMDAwMDAwMDAwMDAsInVwZGF0ZSI6MTIwMDAwMDAwMDAwMH19",
          "dependencies": [
            "oci_core_internet_gateway.internet_gateway",
            "oci_core_vcn.vcn1"
          ]
        }
      ]
    },
    {
      "mode": "managed",
      "type": "oci_core_subnet",
      "name": "regional_subnet",
      "provider": "provider[\"registry.terraform.io/hashicorp/oci\"]",
      "instances": [
        {
          "schema_version": 0,
          "attributes": {
            "availability_domain": null,
            "cidr_block": "12.0.0.0/24",
            "compartment_id": "ocid1.compartment.oc1..aaaaaaaazrsru2d6smxolkfwvtym5rslplrhvr3jrbartiaqcleyutr73msa",
            "defined_tags": {
              "Oracle-Tags.CreatedBy": "raul_chavez",
              "Oracle-Tags.CreatedOn": "2021-11-10T19:17:00.341Z"
            },
            "dhcp_options_id": "ocid1.dhcpoptions.oc1.us-sanjose-1.aaaaaaaa6b7tnabdajceb7v7dvgqcwnxlmh23uj4m66a5bccs6zbdlmtaphq",
            "display_name": "subCentos",
            "dns_label": "dnsubcentos",
            "freeform_tags": {},
            "id": "ocid1.subnet.oc1.us-sanjose-1.aaaaaaaad7idjbxwzlg4yxlvk5dv5nrvy6bot3zm5wxdakucjlwudbpdc7jq",
            "ipv6cidr_block": null,
            "ipv6virtual_router_ip": null,
            "prohibit_internet_ingress": false,
            "prohibit_public_ip_on_vnic": false,
            "route_table_id": "ocid1.routetable.oc1.us-sanjose-1.aaaaaaaabip4ixea4yog4vnvxg354igol4yrhgj6ulffuxrscu2s7pfhb7sa",
            "security_list_ids": [
              "ocid1.securitylist.oc1.us-sanjose-1.aaaaaaaabihwrjfvllbtj6qz2grza7mjwbafhjl5m4wcnkelnj2owoctefrq"
            ],
            "state": "UPDATING",
            "subnet_domain_name": "dnsubcentos.centosdns.oraclevcn.com",
            "time_created": "2021-11-10 19:17:00.38 +0000 UTC",
            "timeouts": null,
            "vcn_id": "ocid1.vcn.oc1.us-sanjose-1.amaaaaaaoyolubqake7lbtprl7fjq7d7qjzarsfid6ksplliksoit2hbklya",
            "virtual_router_ip": "12.0.0.1",
            "virtual_router_mac": "00:00:17:2D:55:07"
          },
          "sensitive_attributes": [],
          "private": "eyJlMmJmYjczMC1lY2FhLTExZTYtOGY4OC0zNDM2M2JjN2M0YzAiOnsiY3JlYXRlIjoxMjAwMDAwMDAwMDAwLCJkZWxldGUiOjEyMDAwMDAwMDAwMDAsInVwZGF0ZSI6MTIwMDAwMDAwMDAwMH19",
          "dependencies": [
            "oci_core_route_table.Centos_route_table",
            "oci_core_vcn.vcn1"
          ]
        }
      ]
    },
    {
      "mode": "managed",
      "type": "oci_core_vcn",
      "name": "vcn1",
      "provider": "provider[\"registry.terraform.io/hashicorp/oci\"]",
      "instances": [
        {
          "schema_version": 0,
          "attributes": {
            "cidr_block": "12.0.0.0/16",
            "cidr_blocks": [
              "12.0.0.0/16"
            ],
            "compartment_id": "ocid1.compartment.oc1..aaaaaaaazrsru2d6smxolkfwvtym5rslplrhvr3jrbartiaqcleyutr73msa",
            "default_dhcp_options_id": "ocid1.dhcpoptions.oc1.us-sanjose-1.aaaaaaaa6b7tnabdajceb7v7dvgqcwnxlmh23uj4m66a5bccs6zbdlmtaphq",
            "default_route_table_id": "ocid1.routetable.oc1.us-sanjose-1.aaaaaaaabwau7vyvrlnn6vgkyjtzmv3sqm7inxmeii7bc7pta7xpwulzgpeq",
            "default_security_list_id": "ocid1.securitylist.oc1.us-sanjose-1.aaaaaaaabihwrjfvllbtj6qz2grza7mjwbafhjl5m4wcnkelnj2owoctefrq",
            "defined_tags": {
              "Oracle-Tags.CreatedBy": "raul_chavez",
              "Oracle-Tags.CreatedOn": "2021-11-10T19:16:59.173Z"
            },
            "display_name": "CentosM",
            "dns_label": "centosdns",
            "freeform_tags": {},
            "id": "ocid1.vcn.oc1.us-sanjose-1.amaaaaaaoyolubqake7lbtprl7fjq7d7qjzarsfid6ksplliksoit2hbklya",
            "ipv6cidr_blocks": [],
            "is_ipv6enabled": false,
            "state": "AVAILABLE",
            "time_created": "2021-11-10 19:16:59.284 +0000 UTC",
            "timeouts": null,
            "vcn_domain_name": "centosdns.oraclevcn.com"
          },
          "sensitive_attributes": [],
          "private": "eyJlMmJmYjczMC1lY2FhLTExZTYtOGY4OC0zNDM2M2JjN2M0YzAiOnsiY3JlYXRlIjoxMjAwMDAwMDAwMDAwLCJkZWxldGUiOjEyMDAwMDAwMDAwMDAsInVwZGF0ZSI6MTIwMDAwMDAwMDAwMH19"
        }
      ]
    }
  ]
}
